// !$*UTF8*$!
{
	archiveVersion = 1;
	classes = {
	};
	objectVersion = 46;
	objects = {

/* Begin PBXBuildFile section */
		EAB20A851CDB38ED00C926FA /* TCGBKString.h in CopyFiles */ = {isa = PBXBuildFile; fileRef = EAB20A841CDB38ED00C926FA /* TCGBKString.h */; };
		EAB20A871CDB38ED00C926FA /* TCGBKString.m in Sources */ = {isa = PBXBuildFile; fileRef = EAB20A861CDB38ED00C926FA /* TCGBKString.m */; };
/* End PBXBuildFile section */

/* Begin PBXCopyFilesBuildPhase section */
		EAB20A7F1CDB38ED00C926FA /* CopyFiles */ = {
			isa = PBXCopyFilesBuildPhase;
			buildActionMask = 2147483647;
			dstPath = "include/$(PRODUCT_NAME)";
			dstSubfolderSpec = 16;
			files = (
				EAB20A851CDB38ED00C926FA /* TCGBKString.h in CopyFiles */,
			);
			runOnlyForDeploymentPostprocessing = 0;
		};
/* End PBXCopyFilesBuildPhase section */

/* Begin PBXFileReference section */
		EAB20A811CDB38ED00C926FA /* libTCGBKString.a */ = {isa = PBXFileReference; explicitFileType = archive.ar; includeInIndex = 0; path = libTCGBKString.a; sourceTree = BUILT_PRODUCTS_DIR; };
		EAB20A841CDB38ED00C926FA /* TCGBKString.h */ = {isa = PBXFileReference; lastKnownFileType = sourcecode.c.h; path = TCGBKString.h; sourceTree = "<group>"; };
		EAB20A861CDB38ED00C926FA /* TCGBKString.m */ = {isa = PBXFileReference; lastKnownFileType = sourcecode.c.objc; path = TCGBKString.m; sourceTree = "<group>"; };
/* End PBXFileReference section */

/* Begin PBXFrameworksBuildPhase section */
		EAB20A7E1CDB38ED00C926FA /* Frameworks */ = {
			isa = PBXFrameworksBuildPhase;
			buildActionMask = 2147483647;
			files = (
			);
			runOnlyForDeploymentPostprocessing = 0;
		};
/* End PBXFrameworksBuildPhase section */

/* Begin PBXGroup section */
		EAB20A781CDB38ED00C926FA = {
			isa = PBXGroup;
			children = (
				EAB20A831CDB38ED00C926FA /* TCGBKString */,
				EAB20A821CDB38ED00C926FA /* Products */,
			);
			sourceTree = "<group>";
		};
		EAB20A821CDB38ED00C926FA /* Products */ = {
			isa = PBXGroup;
			children = (
				EAB20A811CDB38ED00C926FA /* libTCGBKString.a */,
			);
			name = Products;
			sourceTree = "<group>";
		};
		EAB20A831CDB38ED00C926FA /* TCGBKString */ = {
			isa = PBXGroup;
			children = (
				EAB20A841CDB38ED00C926FA /* TCGBKString.h */,
				EAB20A861CDB38ED00C926FA /* TCGBKString.m */,
			);
			path = TCGBKString;
			sourceTree = "<group>";
		};
/* End PBXGroup section */

/* Begin PBXNativeTarget section */
		EAB20A801CDB38ED00C926FA /* TCGBKString */ = {
			isa = PBXNativeTarget;
			buildConfigurationList = EAB20A8A1CDB38ED00C926FA /* Build configuration list for PBXNativeTarget "TCGBKString" */;
			buildPhases = (
				EAB20A7D1CDB38ED00C926FA /* Sources */,
				EAB20A7E1CDB38ED00C926FA /* Frameworks */,
				EAB20A7F1CDB38ED00C926FA /* CopyFiles */,
			);
			buildRules = (
			);
			dependencies = (
			);
			name = TCGBKString;
			productName = TCGBKString;
			productReference = EAB20A811CDB38ED00C926FA /* libTCGBKString.a */;
			productType = "com.apple.product-type.library.static";
		};
/* End PBXNativeTarget section */

/* Begin PBXProject section */
		EAB20A791CDB38ED00C926FA /* Project object */ = {
			isa = PBXProject;
			attributes = {
				LastUpgradeCheck = 0730;
				ORGANIZATIONNAME = TCTONY;
				TargetAttributes = {
					EAB20A801CDB38ED00C926FA = {
						CreatedOnToolsVersion = 7.3;
					};
				};
			};
			buildConfigurationList = EAB20A7C1CDB38ED00C926FA /* Build configuration list for PBXProject "TCGBKString" */;
			compatibilityVersion = "Xcode 3.2";
			developmentRegion = English;
			hasScannedForEncodings = 0;
			knownRegions = (
				en,
			);
			mainGroup = EAB20A781CDB38ED00C926FA;
			productRefGroup = EAB20A821CDB38ED00C926FA /* Products */;
			projectDirPath = "";
			projectRoot = "";
			targets = (
				EAB20A801CDB38ED00C926FA /* TCGBKString */,
			);
		};
/* End PBXProject section */

/* Begin PBXSourcesBuildPhase section */
		EAB20A7D1CDB38ED00C926FA /* Sources */ = {
			isa = PBXSourcesBuildPhase;
			buildActionMask = 2147483647;
			files = (
				EAB20A871CDB38ED00C926FA /* TCGBKString.m in Sources */,
			);
			runOnlyForDeploymentPostprocessing = 0;
		};
/* End PBXSourcesBuildPhase section */

/* Begin XCBuildConfiguration section */
		EAB20A881CDB38ED00C926FA /* Debug */ = {
			isa = XCBuildConfiguration;
			buildSettings = {
				ALWAYS_SEARCH_USER_PATHS = NO;
				CLANG_ANALYZER_NONNULL = YES;
				CLANG_CXX_LANGUAGE_STANDARD = "gnu++0x";
				CLANG_CXX_LIBRARY = "libc++";
				CLANG_ENABLE_MODULES = YES;
				CLANG_ENABLE_OBJC_ARC = YES;
				CLANG_WARN_BOOL_CONVERSION = YES;
				CLANG_WARN_CONSTANT_CONVERSION = YES;
				CLANG_WARN_DIRECT_OBJC_ISA_USAGE = YES_ERROR;
				CLANG_WARN_EMPTY_BODY = YES;
				CLANG_WARN_ENUM_CONVERSION = YES;
				CLANG_WARN_INT_CONVERSION = YES;
				CLANG_WARN_OBJC_ROOT_CLASS = YES_ERROR;
				CLANG_WARN_UNREACHABLE_CODE = YES;
				CLANG_WARN__DUPLICATE_METHOD_MATCH = YES;
				"CODE_SIGN_IDENTITY[sdk=iphoneos*]" = "iPhone Developer";
				COPY_PHASE_STRIP = NO;
				DEBUG_INFORMATION_FORMAT = dwarf;
				ENABLE_STRICT_OBJC_MSGSEND = YES;
				ENABLE_TESTABILITY = YES;
				GCC_C_LANGUAGE_STANDARD = gnu99;
				GCC_DYNAMIC_NO_PIC = NO;
				GCC_NO_COMMON_BLOCKS = YES;
				GCC_OPTIMIZATION_LEVEL = 0;
				GCC_PREPROCESSOR_DEFINITIONS = (
					"DEBUG=1",
					"$(inherited)",
				);
				GCC_WARN_64_TO_32_BIT_CONVERSION = YES;
				GCC_WARN_ABOUT_RETURN_TYPE = YES_ERROR;
				GCC_WARN_UNDECLARED_SELECTOR = YES;
				GCC_WARN_UNINITIALIZED_AUTOS = YES_AGGRESSIVE;
				GCC_WARN_UNUSED_FUNCTION = YES;
				GCC_WARN_UNUSED_VARIABLE = YES;
				IPHONEOS_DEPLOYMENT_TARGET = 9.3;
				MTL_ENABLE_DEBUG_INFO = YES;
				ONLY_ACTIVE_ARCH = YES;
				SDKROOT = iphoneos;
			};
			name = Debug;
		};
		EAB20A891CDB38ED00C926FA /* Release */ = {
			isa = XCBuildConfiguration;
			buildSettings = {
				ALWAYS_SEARCH_USER_PATHS = NO;
				CLANG_ANALYZER_NONNULL = YES;
				CLANG_CXX_LANGUAGE_STANDARD = "gnu++0x";
				CLANG_CXX_LIBRARY = "libc++";
				CLANG_ENABLE_MODULES = YES;
				CLANG_ENABLE_OBJC_ARC = YES;
				CLANG_WARN_BOOL_CONVERSION = YES;
				CLANG_WARN_CONSTANT_CONVERSION = YES;
				CLANG_WARN_DIRECT_OBJC_ISA_USAGE = YES_ERROR;
				CLANG_WARN_EMPTY_BODY = YES;
				CLANG_WARN_ENUM_CONVERSION = YES;
				CLANG_WARN_INT_CONVERSION = YES;
				CLANG_WARN_OBJC_ROOT_CLASS = YES_ERROR;
				CLANG_WARN_UNREACHABLE_CODE = YES;
				CLANG_WARN__DUPLICATE_METHOD_MATCH = YES;
				"CODE_SIGN_IDENTITY[sdk=iphoneos*]" = "iPhone Developer";
				COPY_PHASE_STRIP = NO;
				DEBUG_INFORMATION_FORMAT = "dwarf-with-dsym";
				ENABLE_NS_ASSERTIONS = NO;
				ENABLE_STRICT_OBJC_MSGSEND = YES;
				GCC_C_LANGUAGE_STANDARD = gnu99;
				GCC_NO_COMMON_BLOCKS = YES;
				GCC_WARN_64_TO_32_BIT_CONVERSION = YES;
				GCC_WARN_ABOUT_RETURN_TYPE = YES_ERROR;
				GCC_WARN_UNDECLARED_SELECTOR = YES;
				GCC_WARN_UNINITIALIZED_AUTOS = YES_AGGRESSIVE;
				GCC_WARN_UNUSED_FUNCTION = YES;
				GCC_WARN_UNUSED_VARIABLE = YES;
				IPHONEOS_DEPLOYMENT_TARGET = 9.3;
				MTL_ENABLE_DEBUG_INFO = NO;
				SDKROOT = iphoneos;
				VALIDATE_PRODUCT = YES;
			};
			name = Release;
		};
		EAB20A8B1CDB38ED00C926FA /* Debug */ = {
			isa = XCBuildConfiguration;
			buildSettings = {
				OTHER_LDFLAGS = "-ObjC";
				PRODUCT_NAME = "$(TARGET_NAME)";
				SKIP_INSTALL = YES;
			};
			name = Debug;
		};
		EAB20A8C1CDB38ED00C926FA /* Release */ = {
			isa = XCBuildConfiguration;
			buildSettings = {
				OTHER_LDFLAGS = "-ObjC";
				PRODUCT_NAME = "$(TARGET_NAME)";
				SKIP_INSTALL = YES;
			};
			name = Release;
		};
/* End XCBuildConfiguration section */

/* Begin XCConfigurationList section */
		EAB20A7C1CDB38ED00C926FA /* Build configuration list for PBXProject "TCGBKString" */ = {
			isa = XCConfigurationList;
			buildConfigurations = (
				EAB20A881CDB38ED00C926FA /* Debug */,
				EAB20A891CDB38ED00C926FA /* Release */,
			);
			defaultConfigurationIsVisible = 0;
			defaultConfigurationName = Release;
		};
		EAB20A8A1CDB38ED00C926FA /* Build configuration list for PBXNativeTarget "TCGBKString" */ = {
			isa = XCConfigurationList;
			buildConfigurations = (
				EAB20A8B1CDB38ED00C926FA /* Debug */,
				EAB20A8C1CDB38ED00C926FA /* Release */,
			);
			defaultConfigurationIsVisible = 0;
		};
/* End XCConfigurationList section */
	};
	rootObject = EAB20A791CDB38ED00C926FA /* Project object */;
}
